{
  "pins" : [
    {
      "identity" : "linechartview",
      "kind" : "remoteSourceControl",
      "location" : "https://github.com/Jonathan-Gander/LineChartView",
      "state" : {
        "branch" : "main",
        "revision" : "91416f04a04ad3117e4fe58c35a24bb66e57ebb4"
      }
    }
  ],
  "version" : 2
}
